PODS:
  - ImageSlideshow (1.8.3):
    - ImageSlideshow/Core (= 1.8.3)
  - ImageSlideshow/Core (1.8.3)
  - IQKeyboardManager (6.5.5)
  - Kingfisher (5.13.2):
    - Kingfisher/Core (= 5.13.2)
  - Kingfisher/Core (5.13.2)
  - SnapKit (5.0.1)

DEPENDENCIES:
  - ImageSlideshow (~> 1.8.1)
  - IQKeyboardManager
  - Kingfisher
  - SnapKit

SPEC REPOS:
  trunk:
    - ImageSlideshow
    - IQKeyboardManager
    - Kingfisher
    - SnapKit

SPEC CHECKSUMS:
  ImageSlideshow: 4694d7d699a1549582e7cc631fb392d8f91630f3
  IQKeyboardManager: 3a8b9e603f8b0eeaf5f096a1f2b2cfcf121992ef
  Kingfisher: d342c8354c10c3d85a27d6d4c42c41285924b898
  SnapKit: 97b92857e3df3a0c71833cce143274bf6ef8e5eb

PODFILE CHECKSUM: ef4f78b046cf26e2c4afab1c31838c188354c629

COCOAPODS: 1.9.1
